
Microsoft Visual Studio Solution File, Format Version 12.00
# Visual Studio 2012
Project("{FAE04EC0-301F-11D3-BF4B-00C04F79EFBC}") = "Xamarin.Android.SwitchButton", "Xamarin.Android.SwitchButton\Xamarin.Android.SwitchButton.csproj", "{8A332BA7-F6FD-480E-8957-2777FC61A643}"
EndProject
Project("{FAE04EC0-301F-11D3-BF4B-00C04F79EFBC}") = "Xamarin.Android.SwitchButton.Sample", "Xamarin.Android.SwitchButton.Sample\Xamarin.Android.SwitchButton.Sample.csproj", "{BA52463C-DC03-4801-895F-00BA7FAAFC7A}"
EndProject
Global
	GlobalSection(SolutionConfigurationPlatforms) = preSolution
		Debug|Any CPU = Debug|Any CPU
		Release|Any CPU = Release|Any CPU
	EndGlobalSection
	GlobalSection(ProjectConfigurationPlatforms) = postSolution
		{8A332BA7-F6FD-480E-8957-2777FC61A643}.Debug|Any CPU.ActiveCfg = Debug|Any CPU
		{8A332BA7-F6FD-480E-8957-2777FC61A643}.Debug|Any CPU.Build.0 = Debug|Any CPU
		{8A332BA7-F6FD-480E-8957-2777FC61A643}.Release|Any CPU.ActiveCfg = Release|Any CPU
		{8A332BA7-F6FD-480E-8957-2777FC61A643}.Release|Any CPU.Build.0 = Release|Any CPU
		{BA52463C-DC03-4801-895F-00BA7FAAFC7A}.Debug|Any CPU.ActiveCfg = Debug|Any CPU
		{BA52463C-DC03-4801-895F-00BA7FAAFC7A}.Debug|Any CPU.Build.0 = Debug|Any CPU
		{BA52463C-DC03-4801-895F-00BA7FAAFC7A}.Release|Any CPU.ActiveCfg = Release|Any CPU
		{BA52463C-DC03-4801-895F-00BA7FAAFC7A}.Release|Any CPU.Build.0 = Release|Any CPU
	EndGlobalSection
EndGlobal
